
Microsoft Visual Studio Solution File, Format Version 12.00
# Visual Studio 14
VisualStudioVersion = 14.0.25420.1
MinimumVisualStudioVersion = 10.0.40219.1
Project("{FAE04EC0-301F-11D3-BF4B-00C04F79EFBC}") = "ReturnOnIntelligence", "ReturnOnIntelligence\ReturnOnIntelligence.csproj", "{BF938EC1-2A88-4632-A215-1CD2DAC1B687}"
EndProject
Project("{FAE04EC0-301F-11D3-BF4B-00C04F79EFBC}") = "RoiTestModule", "RoiTestModule\RoiTestModule.csproj", "{D6B82A55-B4B5-4873-A9B1-B36531882410}"
EndProject
Global
	GlobalSection(SolutionConfigurationPlatforms) = preSolution
		Debug|Any CPU = Debug|Any CPU
		Release|Any CPU = Release|Any CPU
	EndGlobalSection
	GlobalSection(ProjectConfigurationPlatforms) = postSolution
		{BF938EC1-2A88-4632-A215-1CD2DAC1B687}.Debug|Any CPU.ActiveCfg = Debug|Any CPU
		{BF938EC1-2A88-4632-A215-1CD2DAC1B687}.Debug|Any CPU.Build.0 = Debug|Any CPU
		{BF938EC1-2A88-4632-A215-1CD2DAC1B687}.Release|Any CPU.ActiveCfg = Release|Any CPU
		{BF938EC1-2A88-4632-A215-1CD2DAC1B687}.Release|Any CPU.Build.0 = Release|Any CPU
		{D6B82A55-B4B5-4873-A9B1-B36531882410}.Debug|Any CPU.ActiveCfg = Debug|Any CPU
		{D6B82A55-B4B5-4873-A9B1-B36531882410}.Debug|Any CPU.Build.0 = Debug|Any CPU
		{D6B82A55-B4B5-4873-A9B1-B36531882410}.Release|Any CPU.ActiveCfg = Release|Any CPU
		{D6B82A55-B4B5-4873-A9B1-B36531882410}.Release|Any CPU.Build.0 = Release|Any CPU
	EndGlobalSection
	GlobalSection(SolutionProperties) = preSolution
		HideSolutionNode = FALSE
	EndGlobalSection
EndGlobal
